
Microsoft Visual Studio Solution File, Format Version 12.00
# Visual Studio Version 17
VisualStudioVersion = 17.7.33906.173
MinimumVisualStudioVersion = 10.0.40219.1
Project("{FAE04EC0-301F-11D3-BF4B-00C04F79EFBC}") = "Web", "Web\Web.csproj", "{E391D734-B4CB-4386-8306-AFCF2F0ED589}"
EndProject
Global
	GlobalSection(SolutionConfigurationPlatforms) = preSolution
		Debug|Any CPU = Debug|Any CPU
		Release|Any CPU = Release|Any CPU
	EndGlobalSection
	GlobalSection(ProjectConfigurationPlatforms) = postSolution
		{E391D734-B4CB-4386-8306-AFCF2F0ED589}.Debug|Any CPU.ActiveCfg = Debug|Any CPU
		{E391D734-B4CB-4386-8306-AFCF2F0ED589}.Debug|Any CPU.Build.0 = Debug|Any CPU
		{E391D734-B4CB-4386-8306-AFCF2F0ED589}.Release|Any CPU.ActiveCfg = Release|Any CPU
		{E391D734-B4CB-4386-8306-AFCF2F0ED589}.Release|Any CPU.Build.0 = Release|Any CPU
	EndGlobalSection
	GlobalSection(SolutionProperties) = preSolution
		HideSolutionNode = FALSE
	EndGlobalSection
	GlobalSection(ExtensibilityGlobals) = postSolution
		SolutionGuid = {89D54C0A-DED4-4197-AD84-70C1A746DE20}
	EndGlobalSection
EndGlobal
